# Generated by pub
# See https://dart.dev/tools/pub/glossary#lockfile
packages:
  _fe_analyzer_shared:
    dependency: transitive
    description:
      name: _fe_analyzer_shared
      sha256: d74f051467a841ce893a50ebeb420b7a5695f985d2781e22b3927fbc849aea45
      url: "https://pub.dev"
    source: hosted
    version: "57.0.0"
  adaptive_breakpoints:
    dependency: "direct main"
    description:
      name: adaptive_breakpoints
      sha256: "176e6f44e18e0a86a1c5fc1c05414fbd6ef79ddb9900954d7ee92a81ecd3cd3b"
      url: "https://pub.dev"
    source: hosted
    version: "0.0.5"
  analyzer:
    dependency: transitive
    description:
      name: analyzer
      sha256: b665679cdccab0c754e65021f01087c6fab07a0b13659dd58827f765739b40f8
      url: "https://pub.dev"
    source: hosted
    version: "5.9.0"
  archive:
    dependency: transitive
    description:
      name: archive
      sha256: d65e8c59051d72808ae971dcc2465b593177a33162edaee29c3b1858b328b98f
      url: "https://pub.dev"
    source: hosted
    version: "3.1.11"
  args:
    dependency: transitive
    description:
      name: args
      sha256: "0bd9a99b6eb96f07af141f0eb53eace8983e8e5aa5de59777aca31684680ef22"
      url: "https://pub.dev"
    source: hosted
    version: "2.3.0"
  async:
    dependency: transitive
    description:
      name: async
      sha256: bfe67ef28df125b7dddcea62755991f807aa39a2492a23e1550161692950bbe0
      url: "https://pub.dev"
    source: hosted
    version: "2.10.0"
  boolean_selector:
    dependency: transitive
    description:
      name: boolean_selector
      sha256: "6cfb5af12253eaf2b368f07bacc5a80d1301a071c73360d746b7f2e32d762c66"
      url: "https://pub.dev"
    source: hosted
    version: "2.1.1"
  characters:
    dependency: transitive
    description:
      name: characters
      sha256: e6a326c8af69605aec75ed6c187d06b349707a27fbff8222ca9cc2cff167975c
      url: "https://pub.dev"
    source: hosted
    version: "1.2.1"
  charcode:
    dependency: transitive
    description:
      name: charcode
      sha256: fb98c0f6d12c920a02ee2d998da788bca066ca5f148492b7085ee23372b12306
      url: "https://pub.dev"
    source: hosted
    version: "1.3.1"
  clock:
    dependency: transitive
    description:
      name: clock
      sha256: cb6d7f03e1de671e34607e909a7213e31d7752be4fb66a86d29fe1eb14bfb5cf
      url: "https://pub.dev"
    source: hosted
    version: "1.1.1"
  cloud_firestore:
    dependency: "direct main"
    description:
      name: cloud_firestore
      sha256: "4f8016485788bf6b3e2826413e1c84bfd6d07aa00e6c127b0050bf938a97ccc2"
      url: "https://pub.dev"
    source: hosted
    version: "3.1.7"
  cloud_firestore_platform_interface:
    dependency: transitive
    description:
      name: cloud_firestore_platform_interface
      sha256: d2d4c69545df816242c32cacccc314a04af965073a1de2959e3b6fca892ae0a4
      url: "https://pub.dev"
    source: hosted
    version: "5.4.12"
  cloud_firestore_web:
    dependency: transitive
    description:
      name: cloud_firestore_web
      sha256: ace5e07d79b81bd4b623a20e2e8c9b2fea0a1aac4a9becf2a8990fc728cf31ac
      url: "https://pub.dev"
    source: hosted
    version: "2.6.7"
  collection:
    dependency: transitive
    description:
      name: collection
      sha256: cfc915e6923fe5ce6e153b0723c753045de46de1b4d63771530504004a45fae0
      url: "https://pub.dev"
    source: hosted
    version: "1.17.0"
  convert:
    dependency: transitive
    description:
      name: convert
      sha256: f08428ad63615f96a27e34221c65e1a451439b5f26030f78d790f461c686d65d
      url: "https://pub.dev"
    source: hosted
    version: "3.0.1"
  coverage:
    dependency: transitive
    description:
      name: coverage
      sha256: ad538fa2e8f6b828d54c04a438af816ce814de404690136d3b9dfb3a436cd01c
      url: "https://pub.dev"
    source: hosted
    version: "1.0.3"
  crypto:
    dependency: transitive
    description:
      name: crypto
      sha256: cf75650c66c0316274e21d7c43d3dea246273af5955bd94e8184837cd577575c
      url: "https://pub.dev"
    source: hosted
    version: "3.0.1"
  fake_async:
    dependency: transitive
    description:
      name: fake_async
      sha256: "511392330127add0b769b75a987850d136345d9227c6b94c96a04cf4a391bf78"
      url: "https://pub.dev"
    source: hosted
    version: "1.3.1"
  ffi:
    dependency: transitive
    description:
      name: ffi
      sha256: "35d0f481d939de0d640b3db9a7aa36a52cd22054a798a73b4f50bdad5ce12678"
      url: "https://pub.dev"
    source: hosted
    version: "1.1.2"
  file:
    dependency: transitive
    description:
      name: file
      sha256: b69516f2c26a5bcac4eee2e32512e1a5205ab312b3536c1c1227b2b942b5f9ad
      url: "https://pub.dev"
    source: hosted
    version: "6.1.2"
  firebase_auth:
    dependency: "direct main"
    description:
      name: firebase_auth
      sha256: "6fbc79d4f90445fa653e5799b174f6e7a62c515799da4a10d0b3b403683a3095"
      url: "https://pub.dev"
    source: hosted
    version: "3.3.6"
  firebase_auth_platform_interface:
    dependency: transitive
    description:
      name: firebase_auth_platform_interface
      sha256: ae0d840b6e1bc8edb33753f115f9097b295a7cbadebee27c52e633fd9c717978
      url: "https://pub.dev"
    source: hosted
    version: "6.1.11"
  firebase_auth_web:
    dependency: transitive
    description:
      name: firebase_auth_web
      sha256: "3d7fa99a6b1169c30b992e0d6d4728b2629401547a5a7fbf09f392b0bb533a4a"
      url: "https://pub.dev"
    source: hosted
    version: "3.3.7"
  firebase_core:
    dependency: "direct main"
    description:
      name: firebase_core
      sha256: "0232f60f41be892ec52f100b0c4a035d2ab523fa7f8adc8d183e01a75e42db1a"
      url: "https://pub.dev"
    source: hosted
    version: "1.12.0"
  firebase_core_platform_interface:
    dependency: transitive
    description:
      name: firebase_core_platform_interface
      sha256: f9af376a733d91ab8ff1f2942479cb81bbb8a8bc67c2b6c51a9cae5a10f028a0
      url: "https://pub.dev"
    source: hosted
    version: "4.2.4"
  firebase_core_web:
    dependency: transitive
    description:
      name: firebase_core_web
      sha256: "598d1ab003eec0b28c17ef22b2d911a9994214b7d4ee06430e34efb2f5bfb7da"
      url: "https://pub.dev"
    source: hosted
    version: "1.5.4"
  firebase_crashlytics:
    dependency: "direct main"
    description:
      name: firebase_crashlytics
      sha256: c76474425688d4f6a669d5082074282afa7261cf4cd1e6106b7252bb45a1968d
      url: "https://pub.dev"
    source: hosted
    version: "2.5.1"
  firebase_crashlytics_platform_interface:
    dependency: transitive
    description:
      name: firebase_crashlytics_platform_interface
      sha256: fe74defc8786e6f110fde8e3589ee181b570d65aac52c5b9c3b4af2c0a7a07db
      url: "https://pub.dev"
    source: hosted
    version: "3.1.13"
  firebase_messaging:
    dependency: "direct main"
    description:
      name: firebase_messaging
      sha256: "259722042ec0affc520391bfc46bff50d2319550b86c020adcd8de116f711870"
      url: "https://pub.dev"
    source: hosted
    version: "11.2.6"
  firebase_messaging_platform_interface:
    dependency: transitive
    description:
      name: firebase_messaging_platform_interface
      sha256: "00edf9a2806c8d8425b7de175b030c065e7b3efeae787acd4d0f103afd273b5d"
      url: "https://pub.dev"
    source: hosted
    version: "3.1.6"
  firebase_messaging_web:
    dependency: transitive
    description:
      name: firebase_messaging_web
      sha256: "87ee531285321aa1cbd7d0452629effed6bdfca5a6db8272bb7877a43aefa354"
      url: "https://pub.dev"
    source: hosted
    version: "2.2.7"
  flutter:
    dependency: "direct main"
    description: flutter
    source: sdk
    version: "0.0.0"
  flutter_launcher_icons:
    dependency: "direct dev"
    description:
      name: flutter_launcher_icons
      sha256: e4d29b76a94cc439c3cb1d8946020bd478e50480a72a256ed6861dae91897962
      url: "https://pub.dev"
    source: hosted
    version: "0.9.2"
  flutter_local_notifications:
    dependency: "direct main"
    description:
      name: flutter_local_notifications
      sha256: "861dd7a5c15606de973211095a7e18df5cafa7474e5bc196896da8e9d0eb39cd"
      url: "https://pub.dev"
    source: hosted
    version: "5.0.0+4"
  flutter_local_notifications_platform_interface:
    dependency: transitive
    description:
      name: flutter_local_notifications_platform_interface
      sha256: "60a02e35c59420d8a4af29a722512adc3c544206adf0338e0dfa902b463bf8e8"
      url: "https://pub.dev"
    source: hosted
    version: "3.0.0"
  flutter_native_timezone:
    dependency: "direct main"
    description:
      name: flutter_native_timezone
      sha256: ed7bfb982f036243de1c068e269182a877100c994f05143c8b26a325e28c1b02
      url: "https://pub.dev"
    source: hosted
    version: "2.0.0"
  flutter_test:
    dependency: "direct dev"
    description: flutter
    source: sdk
    version: "0.0.0"
  flutter_web_plugins:
    dependency: transitive
    description: flutter
    source: sdk
    version: "0.0.0"
  frontend_server_client:
    dependency: transitive
    description:
      name: frontend_server_client
      sha256: "6d2930621b9377f6a4b7d260fce525d48dd77a334f0d5d4177d07b0dcb76c032"
      url: "https://pub.dev"
    source: hosted
    version: "2.1.2"
  glob:
    dependency: transitive
    description:
      name: glob
      sha256: "8321dd2c0ab0683a91a51307fa844c6db4aa8e3981219b78961672aaab434658"
      url: "https://pub.dev"
    source: hosted
    version: "2.0.2"
  google_sign_in:
    dependency: "direct main"
    description:
      name: google_sign_in
      sha256: "07599f16b7d607481ac162c441475be0c564c35ebe332aa0f307e7bbbd7117a4"
      url: "https://pub.dev"
    source: hosted
    version: "5.2.3"
  google_sign_in_platform_interface:
    dependency: transitive
    description:
      name: google_sign_in_platform_interface
      sha256: "282fb3484a36b392c76faf029c2c5a187be7ddbad61771ead5df3038bedfff8a"
      url: "https://pub.dev"
    source: hosted
    version: "2.1.1"
  google_sign_in_web:
    dependency: transitive
    description:
      name: google_sign_in_web
      sha256: "2eaacb0bd21d2bfa9d333ae2e90e0e4f66fec3e3c5ec64180dd7b1ad90aa5032"
      url: "https://pub.dev"
    source: hosted
    version: "0.10.0+4"
  http_multi_server:
    dependency: transitive
    description:
      name: http_multi_server
      sha256: ab298ef2b2acd283bd36837df7801dcf6e6b925f8da6e09efb81111230aa9037
      url: "https://pub.dev"
    source: hosted
    version: "3.2.0"
  http_parser:
    dependency: transitive
    description:
      name: http_parser
      sha256: e362d639ba3bc07d5a71faebb98cde68c05bfbcfbbb444b60b6f60bb67719185
      url: "https://pub.dev"
    source: hosted
    version: "4.0.0"
  idb_shim:
    dependency: "direct main"
    description:
      name: idb_shim
      sha256: b7fc5bc85af52cfebd00cd5222a720fa0d51ff0ba24548dffdec60c3eca6bbe8
      url: "https://pub.dev"
    source: hosted
    version: "2.0.1"
  image:
    dependency: transitive
    description:
      name: image
      sha256: "67994d6579afa180c5eb463afa7ad211caab3535e5cbf630f8bd06a098030f54"
      url: "https://pub.dev"
    source: hosted
    version: "3.1.1"
  intl:
    dependency: transitive
    description:
      name: intl
      sha256: "910f85bce16fb5c6f614e117efa303e85a1731bb0081edf3604a2ae6e9a3cc91"
      url: "https://pub.dev"
    source: hosted
    version: "0.17.0"
  io:
    dependency: transitive
    description:
      name: io
      sha256: "0d4c73c3653ab85bf696d51a9657604c900a370549196a91f33e4c39af760852"
      url: "https://pub.dev"
    source: hosted
    version: "1.0.3"
  js:
    dependency: transitive
    description:
      name: js
      sha256: "5528c2f391ededb7775ec1daa69e65a2d61276f7552de2b5f7b8d34ee9fd4ab7"
      url: "https://pub.dev"
    source: hosted
    version: "0.6.5"
  link_text:
    dependency: "direct main"
    description:
      name: link_text
      sha256: "5babfe3bcd987bb3f1dde61a47aa55ffd05137634a392385c899651e788d7ebc"
      url: "https://pub.dev"
    source: hosted
    version: "0.2.0"
  logging:
    dependency: transitive
    description:
      name: logging
      sha256: "293ae2d49fd79d4c04944c3a26dfd313382d5f52e821ec57119230ae16031ad4"
      url: "https://pub.dev"
    source: hosted
    version: "1.0.2"
  matcher:
    dependency: "direct dev"
    description:
      name: matcher
      sha256: "16db949ceee371e9b99d22f88fa3a73c4e59fd0afed0bd25fc336eb76c198b72"
      url: "https://pub.dev"
    source: hosted
    version: "0.12.13"
  material_color_utilities:
    dependency: transitive
    description:
      name: material_color_utilities
      sha256: d92141dc6fe1dad30722f9aa826c7fbc896d021d792f80678280601aff8cf724
      url: "https://pub.dev"
    source: hosted
    version: "0.2.0"
  meta:
    dependency: transitive
    description:
      name: meta
      sha256: "6c268b42ed578a53088d834796959e4a1814b5e9e164f147f580a386e5decf42"
      url: "https://pub.dev"
    source: hosted
    version: "1.8.0"
  mime:
    dependency: transitive
    description:
      name: mime
      sha256: fd5f81041e6a9fc9b9d7fa2cb8a01123f9f5d5d49136e06cb9dc7d33689529f4
      url: "https://pub.dev"
    source: hosted
    version: "1.0.1"
  node_preamble:
    dependency: transitive
    description:
      name: node_preamble
      sha256: "8ebdbaa3b96d5285d068f80772390d27c21e1fa10fb2df6627b1b9415043608d"
      url: "https://pub.dev"
    source: hosted
    version: "2.0.1"
  package_config:
    dependency: transitive
    description:
      name: package_config
      sha256: a4d5ede5ca9c3d88a2fef1147a078570c861714c806485c596b109819135bc12
      url: "https://pub.dev"
    source: hosted
    version: "2.0.2"
  path:
    dependency: transitive
    description:
      name: path
      sha256: db9d4f58c908a4ba5953fcee2ae317c94889433e5024c27ce74a37f94267945b
      url: "https://pub.dev"
    source: hosted
    version: "1.8.2"
  path_provider:
    dependency: "direct main"
    description:
      name: path_provider
      sha256: db1cf6c3f906f50d52c18400be575f75ed620f8717f9b6d11263edd95080dfc6
      url: "https://pub.dev"
    source: hosted
    version: "2.0.8"
  path_provider_android:
    dependency: transitive
    description:
      name: path_provider_android
      sha256: c69109bae02c6116bd8ac81319b13eb73dfae02ef74690d2a1a98c1ddd3aaefc
      url: "https://pub.dev"
    source: hosted
    version: "2.0.11"
  path_provider_ios:
    dependency: transitive
    description:
      name: path_provider_ios
      sha256: "038d0141ff5d08c60ed071eee2758b68c50c42a1c10066a1fb6c28ab32fac84c"
      url: "https://pub.dev"
    source: hosted
    version: "2.0.7"
  path_provider_linux:
    dependency: transitive
    description:
      name: path_provider_linux
      sha256: "1e109f4df28bd95eab71e323008b53d19c4d633bc1ab05b577518773474e9621"
      url: "https://pub.dev"
    source: hosted
    version: "2.1.5"
  path_provider_macos:
    dependency: transitive
    description:
      name: path_provider_macos
      sha256: "0adeb313e1f2c3fc52baeeee59b0fe9c2d1f7da56fd96a9234e1702ec653a453"
      url: "https://pub.dev"
    source: hosted
    version: "2.0.5"
  path_provider_platform_interface:
    dependency: transitive
    description:
      name: path_provider_platform_interface
      sha256: "3dc0d51b07f85fec3746d9f4e8d31c73bb173cafa2e763f03f8df2e8d1878882"
      url: "https://pub.dev"
    source: hosted
    version: "2.0.3"
  path_provider_windows:
    dependency: transitive
    description:
      name: path_provider_windows
      sha256: "366ad4e3541ea707f859e7148d4d5aba67d589d7936cee04a05c464a277eeb27"
      url: "https://pub.dev"
    source: hosted
    version: "2.0.5"
  pedantic:
    dependency: transitive
    description:
      name: pedantic
      sha256: "67fc27ed9639506c856c840ccce7594d0bdcd91bc8d53d6e52359449a1d50602"
      url: "https://pub.dev"
    source: hosted
    version: "1.11.1"
  petitparser:
    dependency: transitive
    description:
      name: petitparser
      sha256: "1a914995d4ef10c94ff183528c120d35ed43b5eaa8713fc6766a9be4570782e2"
      url: "https://pub.dev"
    source: hosted
    version: "4.4.0"
  platform:
    dependency: transitive
    description:
      name: platform
      sha256: "4a451831508d7d6ca779f7ac6e212b4023dd5a7d08a27a63da33756410e32b76"
      url: "https://pub.dev"
    source: hosted
    version: "3.1.0"
  plugin_platform_interface:
    dependency: transitive
    description:
      name: plugin_platform_interface
      sha256: "075f927ebbab4262ace8d0b283929ac5410c0ac4e7fc123c76429564facfb757"
      url: "https://pub.dev"
    source: hosted
    version: "2.1.2"
  pool:
    dependency: transitive
    description:
      name: pool
      sha256: "05955e3de2683e1746222efd14b775df7131139e07695dc8e24650f6b4204504"
      url: "https://pub.dev"
    source: hosted
    version: "1.5.0"
  process:
    dependency: transitive
    description:
      name: process
      sha256: "53fd8db9cec1d37b0574e12f07520d582019cb6c44abf5479a01505099a34a09"
      url: "https://pub.dev"
    source: hosted
    version: "4.2.4"
  pub_semver:
    dependency: transitive
    description:
      name: pub_semver
      sha256: b5a5fcc6425ea43704852ba4453ba94b08c2226c63418a260240c3a054579014
      url: "https://pub.dev"
    source: hosted
    version: "2.1.0"
  quiver:
    dependency: transitive
    description:
      name: quiver
      sha256: "616b691d1c8f5c53b7b39ce3542f6a25308d7900bf689d0210e72a644a10387e"
      url: "https://pub.dev"
    source: hosted
    version: "3.0.1+1"
  sembast:
    dependency: transitive
    description:
      name: sembast
      sha256: aa7819098b1c0a91c7b3dab36d0d9a9a1d88579960b12269298fb7bbac67efab
      url: "https://pub.dev"
    source: hosted
    version: "3.1.2"
  shared_preferences:
    dependency: "direct main"
    description:
      name: shared_preferences
      sha256: "1cd0c3c0be0826eb52362ab018a81eed13b616ad9a52548c6ceb1bb349e6b6eb"
      url: "https://pub.dev"
    source: hosted
    version: "2.0.13"
  shared_preferences_android:
    dependency: transitive
    description:
      name: shared_preferences_android
      sha256: bc236594233d10b7668dd90414fe0e09d906115aaa1dfe269e478e5f2af532a6
      url: "https://pub.dev"
    source: hosted
    version: "2.0.11"
  shared_preferences_ios:
    dependency: transitive
    description:
      name: shared_preferences_ios
      sha256: "32e5384a16c2ef13e4dbac73c735d91276b06e33590a3d1fe7392b6bd9d5002d"
      url: "https://pub.dev"
    source: hosted
    version: "2.0.10"
  shared_preferences_linux:
    dependency: transitive
    description:
      name: shared_preferences_linux
      sha256: ac361c65c4cf342dfc0a8b9e45eab66b9b3ad6eaff9785850d4ec0cf6b474422
      url: "https://pub.dev"
    source: hosted
    version: "2.1.0"
  shared_preferences_macos:
    dependency: transitive
    description:
      name: shared_preferences_macos
      sha256: f063907c3f678de8daa033d234b7c9e420df5fe3d499a97bfb82cc30cf171496
      url: "https://pub.dev"
    source: hosted
    version: "2.0.3"
  shared_preferences_platform_interface:
    dependency: transitive
    description:
      name: shared_preferences_platform_interface
      sha256: "992f0fdc46d0a3c0ac2e5859f2de0e577bbe51f78a77ee8f357cbe626a2ad32d"
      url: "https://pub.dev"
    source: hosted
    version: "2.0.0"
  shared_preferences_web:
    dependency: transitive
    description:
      name: shared_preferences_web
      sha256: "09da0185028a227d51721cade7a3cbd5cc5f163a19593266f2acba87f729bf9c"
      url: "https://pub.dev"
    source: hosted
    version: "2.0.3"
  shared_preferences_windows:
    dependency: transitive
    description:
      name: shared_preferences_windows
      sha256: ae68cf0df0910e38c95522dbd8a6082ce9715053c369750c5709d17de81d032e
      url: "https://pub.dev"
    source: hosted
    version: "2.1.0"
  shelf:
    dependency: transitive
    description:
      name: shelf
      sha256: c240984c924796e055e831a0a36db23be8cb04f170b26df572931ab36418421d
      url: "https://pub.dev"
    source: hosted
    version: "1.2.0"
  shelf_packages_handler:
    dependency: transitive
    description:
      name: shelf_packages_handler
      sha256: e0b44ebddec91e70a713e13adf93c1b2100821303b86a18e1ef1d082bd8bd9b8
      url: "https://pub.dev"
    source: hosted
    version: "3.0.0"
  shelf_static:
    dependency: transitive
    description:
      name: shelf_static
      sha256: "4a0d12cd512aa4fc55fed5f6280f02ef183f47ba29b4b0dfd621b1c99b7e6361"
      url: "https://pub.dev"
    source: hosted
    version: "1.1.0"
  shelf_web_socket:
    dependency: transitive
    description:
      name: shelf_web_socket
      sha256: fd84910bf7d58db109082edf7326b75322b8f186162028482f53dc892f00332d
      url: "https://pub.dev"
    source: hosted
    version: "1.0.1"
  sky_engine:
    dependency: transitive
    description: flutter
    source: sdk
    version: "0.0.99"
  source_map_stack_trace:
    dependency: transitive
    description:
      name: source_map_stack_trace
      sha256: "8c463326277f68a628abab20580047b419c2ff66756fd0affd451f73f9508c11"
      url: "https://pub.dev"
    source: hosted
    version: "2.1.0"
  source_maps:
    dependency: transitive
    description:
      name: source_maps
      sha256: "52de2200bb098de739794c82d09c41ac27b2e42fd7e23cce7b9c74bf653c7296"
      url: "https://pub.dev"
    source: hosted
    version: "0.10.10"
  source_span:
    dependency: transitive
    description:
      name: source_span
      sha256: dd904f795d4b4f3b870833847c461801f6750a9fa8e61ea5ac53f9422b31f250
      url: "https://pub.dev"
    source: hosted
    version: "1.9.1"
  stack_trace:
    dependency: transitive
    description:
      name: stack_trace
      sha256: c3c7d8edb15bee7f0f74debd4b9c5f3c2ea86766fe4178eb2a18eb30a0bdaed5
      url: "https://pub.dev"
    source: hosted
    version: "1.11.0"
  stream_channel:
    dependency: transitive
    description:
      name: stream_channel
      sha256: "83615bee9045c1d322bbbd1ba209b7a749c2cbcdcb3fdd1df8eb488b3279c1c8"
      url: "https://pub.dev"
    source: hosted
    version: "2.1.1"
  string_extensions:
    dependency: "direct main"
    description:
      name: string_extensions
      sha256: "062b1943226ca4cbaf2080e42d81baaff5c296d0fd3ef6c44008e35c1d7b9058"
      url: "https://pub.dev"
    source: hosted
    version: "0.4.0"
  string_scanner:
    dependency: transitive
    description:
      name: string_scanner
      sha256: "556692adab6cfa87322a115640c11f13cb77b3f076ddcc5d6ae3c20242bedcde"
      url: "https://pub.dev"
    source: hosted
    version: "1.2.0"
  synchronized:
    dependency: transitive
    description:
      name: synchronized
      sha256: "271977ff1e9e82ceefb4f08424b8839f577c1852e0726b5ce855311b46d3ef83"
      url: "https://pub.dev"
    source: hosted
    version: "3.0.0"
  term_glyph:
    dependency: transitive
    description:
      name: term_glyph
      sha256: a29248a84fbb7c79282b40b8c72a1209db169a2e0542bce341da992fe1bc7e84
      url: "https://pub.dev"
    source: hosted
    version: "1.2.1"
  test:
    dependency: transitive
    description:
      name: test
      sha256: a5fcd2d25eeadbb6589e80198a47d6a464ba3e2049da473943b8af9797900c2d
      url: "https://pub.dev"
    source: hosted
    version: "1.22.0"
  test_api:
    dependency: transitive
    description:
      name: test_api
      sha256: ad540f65f92caa91bf21dfc8ffb8c589d6e4dc0c2267818b4cc2792857706206
      url: "https://pub.dev"
    source: hosted
    version: "0.4.16"
  test_core:
    dependency: transitive
    description:
      name: test_core
      sha256: "0ef9755ec6d746951ba0aabe62f874b707690b5ede0fecc818b138fcc9b14888"
      url: "https://pub.dev"
    source: hosted
    version: "0.4.20"
  timezone:
    dependency: transitive
    description:
      name: timezone
      sha256: f60f389b14643ee90a3ab96ae414f77b0472e3817b5b4bf5cc9ce81ec0113f78
      url: "https://pub.dev"
    source: hosted
    version: "0.7.0"
  typed_data:
    dependency: transitive
    description:
      name: typed_data
      sha256: "53bdf7e979cfbf3e28987552fd72f637e63f3c8724c9e56d9246942dc2fa36ee"
      url: "https://pub.dev"
    source: hosted
    version: "1.3.0"
  url_launcher:
    dependency: "direct main"
    description:
      name: url_launcher
      sha256: "236e5ad4df2dabb79ce5d0f1aafb4cb70c0ad6dc93f88e610ad31c8fef74f477"
      url: "https://pub.dev"
    source: hosted
    version: "6.0.18"
  url_launcher_android:
    dependency: transitive
    description:
      name: url_launcher_android
      sha256: b693e6698f7e6985710d67a050e3acbdda3b9cfc4b43b9f1c40cdbe42c705b92
      url: "https://pub.dev"
    source: hosted
    version: "6.0.15"
  url_launcher_ios:
    dependency: transitive
    description:
      name: url_launcher_ios
      sha256: e51a93f0da65733beb69fdbc43cea524d86ed8e524479e9faefc9304cec34a57
      url: "https://pub.dev"
    source: hosted
    version: "6.0.15"
  url_launcher_linux:
    dependency: transitive
    description:
      name: url_launcher_linux
      sha256: ae3c5ce30a1ba0a69c3f8803b23450703cf915575ad591857df98d9c15c11018
      url: "https://pub.dev"
    source: hosted
    version: "2.0.3"
  url_launcher_macos:
    dependency: transitive
    description:
      name: url_launcher_macos
      sha256: "8fd9ae3ab5e0f96cea7dd66c4ea65e39e3477067f4997c1ec8225d553e8bb8ea"
      url: "https://pub.dev"
    source: hosted
    version: "2.0.3"
  url_launcher_platform_interface:
    dependency: transitive
    description:
      name: url_launcher_platform_interface
      sha256: "1b9c4dab07794498b83b5f938e26b20f68c3b460a3015b0307f9541cb34ef93d"
      url: "https://pub.dev"
    source: hosted
    version: "2.0.5"
  url_launcher_web:
    dependency: transitive
    description:
      name: url_launcher_web
      sha256: "6699ef5afe44ad4f79ee07cc8b38e6445ab6b9d74d3d5e58db508d5db9493964"
      url: "https://pub.dev"
    source: hosted
    version: "2.0.8"
  url_launcher_windows:
    dependency: transitive
    description:
      name: url_launcher_windows
      sha256: "4e24aac2a2960fb9a70a07992e1ba69cb99fbcee48fdf17abe280ce867bfcea2"
      url: "https://pub.dev"
    source: hosted
    version: "2.0.2"
  vector_math:
    dependency: transitive
    description:
      name: vector_math
      sha256: "80b3257d1492ce4d091729e3a67a60407d227c27241d6927be0130c98e741803"
      url: "https://pub.dev"
    source: hosted
    version: "2.1.4"
  vm_service:
    dependency: transitive
    description:
      name: vm_service
      sha256: "35ef1bbae978d7158e09c98dcdfe8673b58a30eb53e82833cc027e0aab2d5213"
      url: "https://pub.dev"
    source: hosted
    version: "7.5.0"
  watcher:
    dependency: transitive
    description:
      name: watcher
      sha256: e42dfcc48f67618344da967b10f62de57e04bae01d9d3af4c2596f3712a88c99
      url: "https://pub.dev"
    source: hosted
    version: "1.0.1"
  web_socket_channel:
    dependency: transitive
    description:
      name: web_socket_channel
      sha256: "0c2ada1b1aeb2ad031ca81872add6be049b8cb479262c6ad3c4b0f9c24eaab2f"
      url: "https://pub.dev"
    source: hosted
    version: "2.1.0"
  webkit_inspection_protocol:
    dependency: transitive
    description:
      name: webkit_inspection_protocol
      sha256: "5adb6ab8ed14e22bb907aae7338f0c206ea21e7a27004e97664b16c120306f00"
      url: "https://pub.dev"
    source: hosted
    version: "1.0.0"
  win32:
    dependency: transitive
    description:
      name: win32
      sha256: c697d90956c327791956eccd34c67fd7ea4952c5561d7539c394c8a5cf9927fb
      url: "https://pub.dev"
    source: hosted
    version: "2.3.11"
  xdg_directories:
    dependency: transitive
    description:
      name: xdg_directories
      sha256: "060b6e1c891d956f72b5ac9463466c37cce3fa962a921532fc001e86fe93438e"
      url: "https://pub.dev"
    source: hosted
    version: "0.2.0+1"
  xml:
    dependency: transitive
    description:
      name: xml
      sha256: baa23bcba1ba4ce4b22c0c7a1d9c861e7015cb5169512676da0b85138e72840c
      url: "https://pub.dev"
    source: hosted
    version: "5.3.1"
  yaml:
    dependency: transitive
    description:
      name: yaml
      sha256: "3cee79b1715110341012d27756d9bae38e650588acd38d3f3c610822e1337ace"
      url: "https://pub.dev"
    source: hosted
    version: "3.1.0"
sdks:
  dart: ">=2.19.0 <3.0.0"
  flutter: ">=2.10.0"
